
Microsoft Visual Studio Solution File, Format Version 12.00
# Visual Studio 2012
Project("{FAE04EC0-301F-11D3-BF4B-00C04F79EFBC}") = "GOWL", "GOWL\GOWL.csproj", "{711B07F0-31F3-4174-B59B-3137B5CC5A44}"
EndProject
Global
	GlobalSection(SolutionConfigurationPlatforms) = preSolution
		Debug|Any CPU = Debug|Any CPU
		Release|Any CPU = Release|Any CPU
	EndGlobalSection
	GlobalSection(ProjectConfigurationPlatforms) = postSolution
		{711B07F0-31F3-4174-B59B-3137B5CC5A44}.Debug|Any CPU.ActiveCfg = Debug|Any CPU
		{711B07F0-31F3-4174-B59B-3137B5CC5A44}.Debug|Any CPU.Build.0 = Debug|Any CPU
		{711B07F0-31F3-4174-B59B-3137B5CC5A44}.Release|Any CPU.ActiveCfg = Release|Any CPU
		{711B07F0-31F3-4174-B59B-3137B5CC5A44}.Release|Any CPU.Build.0 = Release|Any CPU
	EndGlobalSection
EndGlobal
